
Microsoft Visual Studio Solution File, Format Version 12.00
# Visual Studio Version 16
VisualStudioVersion = 16.0.34114.132
MinimumVisualStudioVersion = 10.0.40219.1
Project("{FAE04EC0-301F-11D3-BF4B-00C04F79EFBC}") = "PR_4_task_1", "PR_4_task_1.csproj", "{2CE29FA8-E9C7-4CA9-B0D4-AEE949856964}"
EndProject
Project("{FAE04EC0-301F-11D3-BF4B-00C04F79EFBC}") = "PR_4_task_3", "..\PR_4_task_3\PR_4_task_3.csproj", "{84E7E5C9-17D4-42A2-BD7E-C3A0D90C57E1}"
EndProject
Project("{FAE04EC0-301F-11D3-BF4B-00C04F79EFBC}") = "PR_4_task_6", "..\PR_4_task_6\PR_4_task_6.csproj", "{FEEB5CC2-EAE6-45DF-9502-F6B04AA3D955}"
EndProject
Global
	GlobalSection(SolutionConfigurationPlatforms) = preSolution
		Debug|Any CPU = Debug|Any CPU
		Release|Any CPU = Release|Any CPU
	EndGlobalSection
	GlobalSection(ProjectConfigurationPlatforms) = postSolution
		{2CE29FA8-E9C7-4CA9-B0D4-AEE949856964}.Debug|Any CPU.ActiveCfg = Debug|Any CPU
		{2CE29FA8-E9C7-4CA9-B0D4-AEE949856964}.Debug|Any CPU.Build.0 = Debug|Any CPU
		{2CE29FA8-E9C7-4CA9-B0D4-AEE949856964}.Release|Any CPU.ActiveCfg = Release|Any CPU
		{2CE29FA8-E9C7-4CA9-B0D4-AEE949856964}.Release|Any CPU.Build.0 = Release|Any CPU
		{84E7E5C9-17D4-42A2-BD7E-C3A0D90C57E1}.Debug|Any CPU.ActiveCfg = Debug|Any CPU
		{84E7E5C9-17D4-42A2-BD7E-C3A0D90C57E1}.Debug|Any CPU.Build.0 = Debug|Any CPU
		{84E7E5C9-17D4-42A2-BD7E-C3A0D90C57E1}.Release|Any CPU.ActiveCfg = Release|Any CPU
		{84E7E5C9-17D4-42A2-BD7E-C3A0D90C57E1}.Release|Any CPU.Build.0 = Release|Any CPU
		{FEEB5CC2-EAE6-45DF-9502-F6B04AA3D955}.Debug|Any CPU.ActiveCfg = Debug|Any CPU
		{FEEB5CC2-EAE6-45DF-9502-F6B04AA3D955}.Debug|Any CPU.Build.0 = Debug|Any CPU
		{FEEB5CC2-EAE6-45DF-9502-F6B04AA3D955}.Release|Any CPU.ActiveCfg = Release|Any CPU
		{FEEB5CC2-EAE6-45DF-9502-F6B04AA3D955}.Release|Any CPU.Build.0 = Release|Any CPU
	EndGlobalSection
	GlobalSection(SolutionProperties) = preSolution
		HideSolutionNode = FALSE
	EndGlobalSection
	GlobalSection(ExtensibilityGlobals) = postSolution
		SolutionGuid = {E1CF1418-7A68-4FBA-B990-B0EDB37744AA}
	EndGlobalSection
EndGlobal
